
Microsoft Visual Studio Solution File, Format Version 12.00
# Visual Studio Version 16
VisualStudioVersion = 16.0.30517.126
MinimumVisualStudioVersion = 10.0.40219.1
Project("{FAE04EC0-301F-11D3-BF4B-00C04F79EFBC}") = "IndianStateCensusAnalyzer", "IndianStateCensusAnalyzer\IndianStateCensusAnalyzer.csproj", "{630F1081-BE01-4C98-B8A9-37146DDA954E}"
EndProject
Project("{FAE04EC0-301F-11D3-BF4B-00C04F79EFBC}") = "CensualAnalyser", "CensualAnalyser\CensualAnalyser.csproj", "{27D7E328-7599-4AFE-A8B4-7317C208132E}"
EndProject
Global
	GlobalSection(SolutionConfigurationPlatforms) = preSolution
		Debug|Any CPU = Debug|Any CPU
		Release|Any CPU = Release|Any CPU
	EndGlobalSection
	GlobalSection(ProjectConfigurationPlatforms) = postSolution
		{630F1081-BE01-4C98-B8A9-37146DDA954E}.Debug|Any CPU.ActiveCfg = Debug|Any CPU
		{630F1081-BE01-4C98-B8A9-37146DDA954E}.Debug|Any CPU.Build.0 = Debug|Any CPU
		{630F1081-BE01-4C98-B8A9-37146DDA954E}.Release|Any CPU.ActiveCfg = Release|Any CPU
		{630F1081-BE01-4C98-B8A9-37146DDA954E}.Release|Any CPU.Build.0 = Release|Any CPU
		{27D7E328-7599-4AFE-A8B4-7317C208132E}.Debug|Any CPU.ActiveCfg = Debug|Any CPU
		{27D7E328-7599-4AFE-A8B4-7317C208132E}.Debug|Any CPU.Build.0 = Debug|Any CPU
		{27D7E328-7599-4AFE-A8B4-7317C208132E}.Release|Any CPU.ActiveCfg = Release|Any CPU
		{27D7E328-7599-4AFE-A8B4-7317C208132E}.Release|Any CPU.Build.0 = Release|Any CPU
	EndGlobalSection
	GlobalSection(SolutionProperties) = preSolution
		HideSolutionNode = FALSE
	EndGlobalSection
	GlobalSection(ExtensibilityGlobals) = postSolution
		SolutionGuid = {EC48B033-5DF5-4512-A3D8-037276AE99A7}
	EndGlobalSection
EndGlobal
